
Microsoft Visual Studio Solution File, Format Version 12.00
# Visual Studio Version 17
VisualStudioVersion = 17.11.35312.102
MinimumVisualStudioVersion = 10.0.40219.1
Project("{00D1A9C2-B5F0-4AF3-8072-F6C62B433612}") = "Holonet.Databank.DB", "Holonet.Databank.DB\Holonet.Databank.DB.sqlproj", "{58E93B4F-99C5-478B-A493-E72C28B85ADC}"
EndProject
Global
	GlobalSection(SolutionConfigurationPlatforms) = preSolution
		Debug|Any CPU = Debug|Any CPU
		Release|Any CPU = Release|Any CPU
	EndGlobalSection
	GlobalSection(ProjectConfigurationPlatforms) = postSolution
		{58E93B4F-99C5-478B-A493-E72C28B85ADC}.Debug|Any CPU.ActiveCfg = Debug|Any CPU
		{58E93B4F-99C5-478B-A493-E72C28B85ADC}.Debug|Any CPU.Build.0 = Debug|Any CPU
		{58E93B4F-99C5-478B-A493-E72C28B85ADC}.Debug|Any CPU.Deploy.0 = Debug|Any CPU
		{58E93B4F-99C5-478B-A493-E72C28B85ADC}.Release|Any CPU.ActiveCfg = Release|Any CPU
		{58E93B4F-99C5-478B-A493-E72C28B85ADC}.Release|Any CPU.Build.0 = Release|Any CPU
		{58E93B4F-99C5-478B-A493-E72C28B85ADC}.Release|Any CPU.Deploy.0 = Release|Any CPU
	EndGlobalSection
	GlobalSection(SolutionProperties) = preSolution
		HideSolutionNode = FALSE
	EndGlobalSection
	GlobalSection(ExtensibilityGlobals) = postSolution
		SolutionGuid = {BB5F1B12-8EA9-4B80-8419-20D6826E278B}
	EndGlobalSection
EndGlobal
